
Microsoft Visual Studio Solution File, Format Version 12.00
# Visual Studio Version 17
VisualStudioVersion = 17.0.32126.317
MinimumVisualStudioVersion = 10.0.40219.1
Project("{FAE04EC0-301F-11D3-BF4B-00C04F79EFBC}") = "Lab4", "Lab4\Lab4.csproj", "{417073F1-14BE-4816-BA8F-62985319DF65}"
EndProject
Global
	GlobalSection(SolutionConfigurationPlatforms) = preSolution
		Debug|Any CPU = Debug|Any CPU
		Release|Any CPU = Release|Any CPU
	EndGlobalSection
	GlobalSection(ProjectConfigurationPlatforms) = postSolution
		{417073F1-14BE-4816-BA8F-62985319DF65}.Debug|Any CPU.ActiveCfg = Debug|Any CPU
		{417073F1-14BE-4816-BA8F-62985319DF65}.Debug|Any CPU.Build.0 = Debug|Any CPU
		{417073F1-14BE-4816-BA8F-62985319DF65}.Release|Any CPU.ActiveCfg = Release|Any CPU
		{417073F1-14BE-4816-BA8F-62985319DF65}.Release|Any CPU.Build.0 = Release|Any CPU
	EndGlobalSection
	GlobalSection(SolutionProperties) = preSolution
		HideSolutionNode = FALSE
	EndGlobalSection
	GlobalSection(ExtensibilityGlobals) = postSolution
		SolutionGuid = {B0CA5876-0ED3-4777-8251-89922C93F994}
	EndGlobalSection
EndGlobal
